
Microsoft Visual Studio Solution File, Format Version 12.00
# Visual Studio Version 16
VisualStudioVersion = 16.0.30406.217
MinimumVisualStudioVersion = 10.0.40219.1
Project("{9A19103F-16F7-4668-BE54-9A1E7A4F7556}") = "ffdcRetailBanking", "ffdcRetailBanking.csproj", "{77A2506A-CB45-47C2-959D-662BB23F8624}"
EndProject
Global
	GlobalSection(SolutionConfigurationPlatforms) = preSolution
		Debug|Any CPU = Debug|Any CPU
		Release|Any CPU = Release|Any CPU
	EndGlobalSection
	GlobalSection(ProjectConfigurationPlatforms) = postSolution
		{77A2506A-CB45-47C2-959D-662BB23F8624}.Debug|Any CPU.ActiveCfg = Debug|Any CPU
		{77A2506A-CB45-47C2-959D-662BB23F8624}.Debug|Any CPU.Build.0 = Debug|Any CPU
		{77A2506A-CB45-47C2-959D-662BB23F8624}.Release|Any CPU.ActiveCfg = Release|Any CPU
		{77A2506A-CB45-47C2-959D-662BB23F8624}.Release|Any CPU.Build.0 = Release|Any CPU
	EndGlobalSection
	GlobalSection(SolutionProperties) = preSolution
		HideSolutionNode = FALSE
	EndGlobalSection
	GlobalSection(ExtensibilityGlobals) = postSolution
		SolutionGuid = {E1B73779-27C9-4ADD-8820-96CB3FC06482}
	EndGlobalSection
EndGlobal
